
Microsoft Visual Studio Solution File, Format Version 12.00
# Visual Studio Version 17
VisualStudioVersion = 17.3.32929.385
MinimumVisualStudioVersion = 10.0.40219.1
Project("{9A19103F-16F7-4668-BE54-9A1E7A4F7556}") = "T01. Action Print", "T01. Action Print\T01. Action Print.csproj", "{58852BA0-BD92-40D4-B606-7130B5D3E710}"
EndProject
Project("{9A19103F-16F7-4668-BE54-9A1E7A4F7556}") = "T02. Knights of Honor", "T02. Knights of Honor\T02. Knights of Honor.csproj", "{64205E02-85DD-4837-89A7-C64F7901B021}"
EndProject
Project("{9A19103F-16F7-4668-BE54-9A1E7A4F7556}") = "T03. Custom Min Function", "T03. Custom Min Function\T03. Custom Min Function.csproj", "{5079540D-008B-469E-AF53-1258E14D3B5A}"
EndProject
Project("{9A19103F-16F7-4668-BE54-9A1E7A4F7556}") = "T04. Find Evens or Odds", "T04. Find Evens or Odds\T04. Find Evens or Odds.csproj", "{51CA1565-B555-4706-8914-9DD53C65F197}"
EndProject
Project("{9A19103F-16F7-4668-BE54-9A1E7A4F7556}") = "T05. Applied Arithmetics", "T05. Applied Arithmetics\T05. Applied Arithmetics.csproj", "{2801F6D0-D415-48C3-ABA5-2F61384C2994}"
EndProject
Project("{9A19103F-16F7-4668-BE54-9A1E7A4F7556}") = "T06. Reverse And Exclude", "T06. Reverse And Exclude\T06. Reverse And Exclude.csproj", "{FECA684E-CAF2-42DF-9A93-26CD493F57FA}"
EndProject
Project("{9A19103F-16F7-4668-BE54-9A1E7A4F7556}") = "T07. Predicate For Names", "T07. Predicate For Names\T07. Predicate For Names.csproj", "{A5EA5672-D46B-4D84-91BB-777754C7A74C}"
EndProject
Project("{9A19103F-16F7-4668-BE54-9A1E7A4F7556}") = "T08. List Of Predicates", "T08. List Of Predicates\T08. List Of Predicates.csproj", "{4383B8EB-45AB-439D-ACA0-8D91F5656FFB}"
EndProject
Project("{9A19103F-16F7-4668-BE54-9A1E7A4F7556}") = "T09. Predicate Party!", "T09. Predicate Party!\T09. Predicate Party!.csproj", "{AF25B697-B7C2-451D-8A10-18F98B31B72C}"
EndProject
Project("{FAE04EC0-301F-11D3-BF4B-00C04F79EFBC}") = "T10. The Party Reservation Filter Module", "T10. The Party Reservation Filter Module\T10. The Party Reservation Filter Module.csproj", "{CC42882D-3B82-4661-9CD2-020D6486F88A}"
EndProject
Project("{FAE04EC0-301F-11D3-BF4B-00C04F79EFBC}") = "T11. TriFunction", "T11. TriFunction\T11. TriFunction.csproj", "{8AF1A043-58CE-46D3-AD17-F833F898CB27}"
EndProject
Global
	GlobalSection(SolutionConfigurationPlatforms) = preSolution
		Debug|Any CPU = Debug|Any CPU
		Release|Any CPU = Release|Any CPU
	EndGlobalSection
	GlobalSection(ProjectConfigurationPlatforms) = postSolution
		{58852BA0-BD92-40D4-B606-7130B5D3E710}.Debug|Any CPU.ActiveCfg = Debug|Any CPU
		{58852BA0-BD92-40D4-B606-7130B5D3E710}.Debug|Any CPU.Build.0 = Debug|Any CPU
		{58852BA0-BD92-40D4-B606-7130B5D3E710}.Release|Any CPU.ActiveCfg = Release|Any CPU
		{58852BA0-BD92-40D4-B606-7130B5D3E710}.Release|Any CPU.Build.0 = Release|Any CPU
		{64205E02-85DD-4837-89A7-C64F7901B021}.Debug|Any CPU.ActiveCfg = Debug|Any CPU
		{64205E02-85DD-4837-89A7-C64F7901B021}.Debug|Any CPU.Build.0 = Debug|Any CPU
		{64205E02-85DD-4837-89A7-C64F7901B021}.Release|Any CPU.ActiveCfg = Release|Any CPU
		{64205E02-85DD-4837-89A7-C64F7901B021}.Release|Any CPU.Build.0 = Release|Any CPU
		{5079540D-008B-469E-AF53-1258E14D3B5A}.Debug|Any CPU.ActiveCfg = Debug|Any CPU
		{5079540D-008B-469E-AF53-1258E14D3B5A}.Debug|Any CPU.Build.0 = Debug|Any CPU
		{5079540D-008B-469E-AF53-1258E14D3B5A}.Release|Any CPU.ActiveCfg = Release|Any CPU
		{5079540D-008B-469E-AF53-1258E14D3B5A}.Release|Any CPU.Build.0 = Release|Any CPU
		{51CA1565-B555-4706-8914-9DD53C65F197}.Debug|Any CPU.ActiveCfg = Debug|Any CPU
		{51CA1565-B555-4706-8914-9DD53C65F197}.Debug|Any CPU.Build.0 = Debug|Any CPU
		{51CA1565-B555-4706-8914-9DD53C65F197}.Release|Any CPU.ActiveCfg = Release|Any CPU
		{51CA1565-B555-4706-8914-9DD53C65F197}.Release|Any CPU.Build.0 = Release|Any CPU
		{2801F6D0-D415-48C3-ABA5-2F61384C2994}.Debug|Any CPU.ActiveCfg = Debug|Any CPU
		{2801F6D0-D415-48C3-ABA5-2F61384C2994}.Debug|Any CPU.Build.0 = Debug|Any CPU
		{2801F6D0-D415-48C3-ABA5-2F61384C2994}.Release|Any CPU.ActiveCfg = Release|Any CPU
		{2801F6D0-D415-48C3-ABA5-2F61384C2994}.Release|Any CPU.Build.0 = Release|Any CPU
		{FECA684E-CAF2-42DF-9A93-26CD493F57FA}.Debug|Any CPU.ActiveCfg = Debug|Any CPU
		{FECA684E-CAF2-42DF-9A93-26CD493F57FA}.Debug|Any CPU.Build.0 = Debug|Any CPU
		{FECA684E-CAF2-42DF-9A93-26CD493F57FA}.Release|Any CPU.ActiveCfg = Release|Any CPU
		{FECA684E-CAF2-42DF-9A93-26CD493F57FA}.Release|Any CPU.Build.0 = Release|Any CPU
		{A5EA5672-D46B-4D84-91BB-777754C7A74C}.Debug|Any CPU.ActiveCfg = Debug|Any CPU
		{A5EA5672-D46B-4D84-91BB-777754C7A74C}.Debug|Any CPU.Build.0 = Debug|Any CPU
		{A5EA5672-D46B-4D84-91BB-777754C7A74C}.Release|Any CPU.ActiveCfg = Release|Any CPU
		{A5EA5672-D46B-4D84-91BB-777754C7A74C}.Release|Any CPU.Build.0 = Release|Any CPU
		{4383B8EB-45AB-439D-ACA0-8D91F5656FFB}.Debug|Any CPU.ActiveCfg = Debug|Any CPU
		{4383B8EB-45AB-439D-ACA0-8D91F5656FFB}.Debug|Any CPU.Build.0 = Debug|Any CPU
		{4383B8EB-45AB-439D-ACA0-8D91F5656FFB}.Release|Any CPU.ActiveCfg = Release|Any CPU
		{4383B8EB-45AB-439D-ACA0-8D91F5656FFB}.Release|Any CPU.Build.0 = Release|Any CPU
		{AF25B697-B7C2-451D-8A10-18F98B31B72C}.Debug|Any CPU.ActiveCfg = Debug|Any CPU
		{AF25B697-B7C2-451D-8A10-18F98B31B72C}.Debug|Any CPU.Build.0 = Debug|Any CPU
		{AF25B697-B7C2-451D-8A10-18F98B31B72C}.Release|Any CPU.ActiveCfg = Release|Any CPU
		{AF25B697-B7C2-451D-8A10-18F98B31B72C}.Release|Any CPU.Build.0 = Release|Any CPU
		{CC42882D-3B82-4661-9CD2-020D6486F88A}.Debug|Any CPU.ActiveCfg = Debug|Any CPU
		{CC42882D-3B82-4661-9CD2-020D6486F88A}.Debug|Any CPU.Build.0 = Debug|Any CPU
		{CC42882D-3B82-4661-9CD2-020D6486F88A}.Release|Any CPU.ActiveCfg = Release|Any CPU
		{CC42882D-3B82-4661-9CD2-020D6486F88A}.Release|Any CPU.Build.0 = Release|Any CPU
		{8AF1A043-58CE-46D3-AD17-F833F898CB27}.Debug|Any CPU.ActiveCfg = Debug|Any CPU
		{8AF1A043-58CE-46D3-AD17-F833F898CB27}.Debug|Any CPU.Build.0 = Debug|Any CPU
		{8AF1A043-58CE-46D3-AD17-F833F898CB27}.Release|Any CPU.ActiveCfg = Release|Any CPU
		{8AF1A043-58CE-46D3-AD17-F833F898CB27}.Release|Any CPU.Build.0 = Release|Any CPU
	EndGlobalSection
	GlobalSection(SolutionProperties) = preSolution
		HideSolutionNode = FALSE
	EndGlobalSection
	GlobalSection(ExtensibilityGlobals) = postSolution
		SolutionGuid = {0EF60CC0-E6A2-41D7-864A-CBDC24420512}
	EndGlobalSection
EndGlobal
