
Microsoft Visual Studio Solution File, Format Version 12.00
# Visual Studio Version 17
VisualStudioVersion = 17.4.33213.308
MinimumVisualStudioVersion = 10.0.40219.1
Project("{FAE04EC0-301F-11D3-BF4B-00C04F79EFBC}") = "T01.Library", "T01.Library\T01.Library.csproj", "{2CF9247E-0396-4D93-BE32-3F3ADE53B289}"
EndProject
Global
	GlobalSection(SolutionConfigurationPlatforms) = preSolution
		Debug|Any CPU = Debug|Any CPU
		Release|Any CPU = Release|Any CPU
	EndGlobalSection
	GlobalSection(ProjectConfigurationPlatforms) = postSolution
		{2CF9247E-0396-4D93-BE32-3F3ADE53B289}.Debug|Any CPU.ActiveCfg = Debug|Any CPU
		{2CF9247E-0396-4D93-BE32-3F3ADE53B289}.Debug|Any CPU.Build.0 = Debug|Any CPU
		{2CF9247E-0396-4D93-BE32-3F3ADE53B289}.Release|Any CPU.ActiveCfg = Release|Any CPU
		{2CF9247E-0396-4D93-BE32-3F3ADE53B289}.Release|Any CPU.Build.0 = Release|Any CPU
	EndGlobalSection
	GlobalSection(SolutionProperties) = preSolution
		HideSolutionNode = FALSE
	EndGlobalSection
	GlobalSection(ExtensibilityGlobals) = postSolution
		SolutionGuid = {D0ED2007-5906-44AC-AF13-7069D5CB60B9}
	EndGlobalSection
EndGlobal
