
Microsoft Visual Studio Solution File, Format Version 12.00
# Visual Studio Version 17
VisualStudioVersion = 17.7.34031.279
MinimumVisualStudioVersion = 10.0.40219.1
Project("{9A19103F-16F7-4668-BE54-9A1E7A4F7556}") = "01. Initial Setup", "01. Initial Setup\01. Initial Setup.csproj", "{B9806C96-4E8E-4BC3-91EF-20AB7BF3DF3B}"
EndProject
Project("{9A19103F-16F7-4668-BE54-9A1E7A4F7556}") = "02. Villain Names", "02. Villain Names\02. Villain Names.csproj", "{5451E9CC-1E1C-4632-8649-4B5A4A90FF6E}"
EndProject
Project("{9A19103F-16F7-4668-BE54-9A1E7A4F7556}") = "03. Minion Names", "03. Minion Names\03. Minion Names.csproj", "{9B27F58C-E192-4727-8087-0C04350526D5}"
EndProject
Project("{FAE04EC0-301F-11D3-BF4B-00C04F79EFBC}") = "04. Add Minion", "04. Add Minion\04. Add Minion.csproj", "{64AB80F9-DAA7-492C-990E-0BB1AC4A21E8}"
EndProject
Global
	GlobalSection(SolutionConfigurationPlatforms) = preSolution
		Debug|Any CPU = Debug|Any CPU
		Release|Any CPU = Release|Any CPU
	EndGlobalSection
	GlobalSection(ProjectConfigurationPlatforms) = postSolution
		{B9806C96-4E8E-4BC3-91EF-20AB7BF3DF3B}.Debug|Any CPU.ActiveCfg = Debug|Any CPU
		{B9806C96-4E8E-4BC3-91EF-20AB7BF3DF3B}.Debug|Any CPU.Build.0 = Debug|Any CPU
		{B9806C96-4E8E-4BC3-91EF-20AB7BF3DF3B}.Release|Any CPU.ActiveCfg = Release|Any CPU
		{B9806C96-4E8E-4BC3-91EF-20AB7BF3DF3B}.Release|Any CPU.Build.0 = Release|Any CPU
		{5451E9CC-1E1C-4632-8649-4B5A4A90FF6E}.Debug|Any CPU.ActiveCfg = Debug|Any CPU
		{5451E9CC-1E1C-4632-8649-4B5A4A90FF6E}.Debug|Any CPU.Build.0 = Debug|Any CPU
		{5451E9CC-1E1C-4632-8649-4B5A4A90FF6E}.Release|Any CPU.ActiveCfg = Release|Any CPU
		{5451E9CC-1E1C-4632-8649-4B5A4A90FF6E}.Release|Any CPU.Build.0 = Release|Any CPU
		{9B27F58C-E192-4727-8087-0C04350526D5}.Debug|Any CPU.ActiveCfg = Debug|Any CPU
		{9B27F58C-E192-4727-8087-0C04350526D5}.Debug|Any CPU.Build.0 = Debug|Any CPU
		{9B27F58C-E192-4727-8087-0C04350526D5}.Release|Any CPU.ActiveCfg = Release|Any CPU
		{9B27F58C-E192-4727-8087-0C04350526D5}.Release|Any CPU.Build.0 = Release|Any CPU
		{64AB80F9-DAA7-492C-990E-0BB1AC4A21E8}.Debug|Any CPU.ActiveCfg = Debug|Any CPU
		{64AB80F9-DAA7-492C-990E-0BB1AC4A21E8}.Debug|Any CPU.Build.0 = Debug|Any CPU
		{64AB80F9-DAA7-492C-990E-0BB1AC4A21E8}.Release|Any CPU.ActiveCfg = Release|Any CPU
		{64AB80F9-DAA7-492C-990E-0BB1AC4A21E8}.Release|Any CPU.Build.0 = Release|Any CPU
	EndGlobalSection
	GlobalSection(SolutionProperties) = preSolution
		HideSolutionNode = FALSE
	EndGlobalSection
	GlobalSection(ExtensibilityGlobals) = postSolution
		SolutionGuid = {64A171D6-E16F-4866-B598-44EC9BF60C4A}
	EndGlobalSection
EndGlobal
