
Microsoft Visual Studio Solution File, Format Version 12.00
# Visual Studio Version 17
VisualStudioVersion = 17.8.34511.84
MinimumVisualStudioVersion = 10.0.40219.1
Project("{FAE04EC0-301F-11D3-BF4B-00C04F79EFBC}") = "Daily Habit Tracker", "Daily Habit Tracker.csproj", "{5D8020A4-9CBF-4E41-B0A6-75EBD525A708}"
EndProject
Global
	GlobalSection(SolutionConfigurationPlatforms) = preSolution
		Debug|Any CPU = Debug|Any CPU
		Release|Any CPU = Release|Any CPU
	EndGlobalSection
	GlobalSection(ProjectConfigurationPlatforms) = postSolution
		{5D8020A4-9CBF-4E41-B0A6-75EBD525A708}.Debug|Any CPU.ActiveCfg = Debug|Any CPU
		{5D8020A4-9CBF-4E41-B0A6-75EBD525A708}.Debug|Any CPU.Build.0 = Debug|Any CPU
		{5D8020A4-9CBF-4E41-B0A6-75EBD525A708}.Release|Any CPU.ActiveCfg = Release|Any CPU
		{5D8020A4-9CBF-4E41-B0A6-75EBD525A708}.Release|Any CPU.Build.0 = Release|Any CPU
	EndGlobalSection
	GlobalSection(SolutionProperties) = preSolution
		HideSolutionNode = FALSE
	EndGlobalSection
	GlobalSection(ExtensibilityGlobals) = postSolution
		SolutionGuid = {596B1450-F8B7-4A3A-8546-AD82AFB0C7ED}
	EndGlobalSection
EndGlobal
