
Microsoft Visual Studio Solution File, Format Version 12.00
# Visual Studio Version 17
VisualStudioVersion = 17.7.34031.279
MinimumVisualStudioVersion = 10.0.40219.1
Project("{9A19103F-16F7-4668-BE54-9A1E7A4F7556}") = "02. Database First", "02. Database First\02. Database First.csproj", "{7BBB3777-1C8C-4EBD-A295-F9E76731C493}"
EndProject
Project("{9A19103F-16F7-4668-BE54-9A1E7A4F7556}") = "03. Employees Full Information", "03. Employees Full Information\03. Employees Full Information.csproj", "{85FEE0A0-2C7F-47B7-9712-C4A4FF0A614A}"
EndProject
Project("{9A19103F-16F7-4668-BE54-9A1E7A4F7556}") = "04. Employees with Salary Over 50 000", "04. Employees with Salary Over 50 000\04. Employees with Salary Over 50 000.csproj", "{B1C230BE-2650-40A7-BC81-790AD1131F13}"
EndProject
Project("{9A19103F-16F7-4668-BE54-9A1E7A4F7556}") = "05. Employees from Research and Development", "05. Employees from Research and Development\05. Employees from Research and Development.csproj", "{204CC0CA-7AF0-4D89-8C99-568174E01B3F}"
EndProject
Project("{FAE04EC0-301F-11D3-BF4B-00C04F79EFBC}") = "06. Adding a New Address and Updating Employee", "06. Adding a New Address and Updating Employee\06. Adding a New Address and Updating Employee.csproj", "{6588C778-64EB-4AB8-B099-850C1F54B472}"
EndProject
Project("{FAE04EC0-301F-11D3-BF4B-00C04F79EFBC}") = "07. Employees and Projects", "07. Employees and Projects\07. Employees and Projects.csproj", "{2EC81283-243B-4DA0-8B5D-0BBA5B2F7CFB}"
EndProject
Project("{FAE04EC0-301F-11D3-BF4B-00C04F79EFBC}") = "08. Addresses by Town", "08. Addresses by Town\08. Addresses by Town.csproj", "{B8C70C22-9119-4B8D-8355-6F99DF92FDF9}"
EndProject
Project("{FAE04EC0-301F-11D3-BF4B-00C04F79EFBC}") = "09. Employee 147", "09. Employee 147\09. Employee 147.csproj", "{1FF6D1F1-B54C-4483-B7DF-164339057ECA}"
EndProject
Global
	GlobalSection(SolutionConfigurationPlatforms) = preSolution
		Debug|Any CPU = Debug|Any CPU
		Release|Any CPU = Release|Any CPU
	EndGlobalSection
	GlobalSection(ProjectConfigurationPlatforms) = postSolution
		{7BBB3777-1C8C-4EBD-A295-F9E76731C493}.Debug|Any CPU.ActiveCfg = Debug|Any CPU
		{7BBB3777-1C8C-4EBD-A295-F9E76731C493}.Debug|Any CPU.Build.0 = Debug|Any CPU
		{7BBB3777-1C8C-4EBD-A295-F9E76731C493}.Release|Any CPU.ActiveCfg = Release|Any CPU
		{7BBB3777-1C8C-4EBD-A295-F9E76731C493}.Release|Any CPU.Build.0 = Release|Any CPU
		{85FEE0A0-2C7F-47B7-9712-C4A4FF0A614A}.Debug|Any CPU.ActiveCfg = Debug|Any CPU
		{85FEE0A0-2C7F-47B7-9712-C4A4FF0A614A}.Debug|Any CPU.Build.0 = Debug|Any CPU
		{85FEE0A0-2C7F-47B7-9712-C4A4FF0A614A}.Release|Any CPU.ActiveCfg = Release|Any CPU
		{85FEE0A0-2C7F-47B7-9712-C4A4FF0A614A}.Release|Any CPU.Build.0 = Release|Any CPU
		{B1C230BE-2650-40A7-BC81-790AD1131F13}.Debug|Any CPU.ActiveCfg = Debug|Any CPU
		{B1C230BE-2650-40A7-BC81-790AD1131F13}.Debug|Any CPU.Build.0 = Debug|Any CPU
		{B1C230BE-2650-40A7-BC81-790AD1131F13}.Release|Any CPU.ActiveCfg = Release|Any CPU
		{B1C230BE-2650-40A7-BC81-790AD1131F13}.Release|Any CPU.Build.0 = Release|Any CPU
		{204CC0CA-7AF0-4D89-8C99-568174E01B3F}.Debug|Any CPU.ActiveCfg = Debug|Any CPU
		{204CC0CA-7AF0-4D89-8C99-568174E01B3F}.Debug|Any CPU.Build.0 = Debug|Any CPU
		{204CC0CA-7AF0-4D89-8C99-568174E01B3F}.Release|Any CPU.ActiveCfg = Release|Any CPU
		{204CC0CA-7AF0-4D89-8C99-568174E01B3F}.Release|Any CPU.Build.0 = Release|Any CPU
		{6588C778-64EB-4AB8-B099-850C1F54B472}.Debug|Any CPU.ActiveCfg = Debug|Any CPU
		{6588C778-64EB-4AB8-B099-850C1F54B472}.Debug|Any CPU.Build.0 = Debug|Any CPU
		{6588C778-64EB-4AB8-B099-850C1F54B472}.Release|Any CPU.ActiveCfg = Release|Any CPU
		{6588C778-64EB-4AB8-B099-850C1F54B472}.Release|Any CPU.Build.0 = Release|Any CPU
		{2EC81283-243B-4DA0-8B5D-0BBA5B2F7CFB}.Debug|Any CPU.ActiveCfg = Debug|Any CPU
		{2EC81283-243B-4DA0-8B5D-0BBA5B2F7CFB}.Debug|Any CPU.Build.0 = Debug|Any CPU
		{2EC81283-243B-4DA0-8B5D-0BBA5B2F7CFB}.Release|Any CPU.ActiveCfg = Release|Any CPU
		{2EC81283-243B-4DA0-8B5D-0BBA5B2F7CFB}.Release|Any CPU.Build.0 = Release|Any CPU
		{B8C70C22-9119-4B8D-8355-6F99DF92FDF9}.Debug|Any CPU.ActiveCfg = Debug|Any CPU
		{B8C70C22-9119-4B8D-8355-6F99DF92FDF9}.Debug|Any CPU.Build.0 = Debug|Any CPU
		{B8C70C22-9119-4B8D-8355-6F99DF92FDF9}.Release|Any CPU.ActiveCfg = Release|Any CPU
		{B8C70C22-9119-4B8D-8355-6F99DF92FDF9}.Release|Any CPU.Build.0 = Release|Any CPU
		{1FF6D1F1-B54C-4483-B7DF-164339057ECA}.Debug|Any CPU.ActiveCfg = Debug|Any CPU
		{1FF6D1F1-B54C-4483-B7DF-164339057ECA}.Debug|Any CPU.Build.0 = Debug|Any CPU
		{1FF6D1F1-B54C-4483-B7DF-164339057ECA}.Release|Any CPU.ActiveCfg = Release|Any CPU
		{1FF6D1F1-B54C-4483-B7DF-164339057ECA}.Release|Any CPU.Build.0 = Release|Any CPU
	EndGlobalSection
	GlobalSection(SolutionProperties) = preSolution
		HideSolutionNode = FALSE
	EndGlobalSection
	GlobalSection(ExtensibilityGlobals) = postSolution
		SolutionGuid = {D5F0E680-E401-4634-9CE3-932FCBF4C71D}
	EndGlobalSection
EndGlobal
