
Microsoft Visual Studio Solution File, Format Version 12.00
# Visual Studio Version 17
VisualStudioVersion = 17.8.34511.84
MinimumVisualStudioVersion = 10.0.40219.1
Project("{9A19103F-16F7-4668-BE54-9A1E7A4F7556}") = "Forum.App", "ForumApp\Forum.App.csproj", "{B562676A-FA3D-4B08-8814-98C19918E2E2}"
EndProject
Project("{FAE04EC0-301F-11D3-BF4B-00C04F79EFBC}") = "Forum.Data", "Forum.Data\Forum.Data.csproj", "{2BA4AD31-7415-4474-83B8-A6E201F11790}"
EndProject
Project("{FAE04EC0-301F-11D3-BF4B-00C04F79EFBC}") = "Forum.Data.Models", "Forum.Data.Models\Forum.Data.Models.csproj", "{08B10724-F370-4B3F-B791-3238CA7D44F1}"
EndProject
Project("{FAE04EC0-301F-11D3-BF4B-00C04F79EFBC}") = "Forum.Common", "Forum.Common\Forum.Common.csproj", "{5F3D1CAB-3BEC-4B32-B71F-F4D8DAE7344C}"
EndProject
Global
	GlobalSection(SolutionConfigurationPlatforms) = preSolution
		Debug|Any CPU = Debug|Any CPU
		Release|Any CPU = Release|Any CPU
	EndGlobalSection
	GlobalSection(ProjectConfigurationPlatforms) = postSolution
		{B562676A-FA3D-4B08-8814-98C19918E2E2}.Debug|Any CPU.ActiveCfg = Debug|Any CPU
		{B562676A-FA3D-4B08-8814-98C19918E2E2}.Debug|Any CPU.Build.0 = Debug|Any CPU
		{B562676A-FA3D-4B08-8814-98C19918E2E2}.Release|Any CPU.ActiveCfg = Release|Any CPU
		{B562676A-FA3D-4B08-8814-98C19918E2E2}.Release|Any CPU.Build.0 = Release|Any CPU
		{2BA4AD31-7415-4474-83B8-A6E201F11790}.Debug|Any CPU.ActiveCfg = Debug|Any CPU
		{2BA4AD31-7415-4474-83B8-A6E201F11790}.Debug|Any CPU.Build.0 = Debug|Any CPU
		{2BA4AD31-7415-4474-83B8-A6E201F11790}.Release|Any CPU.ActiveCfg = Release|Any CPU
		{2BA4AD31-7415-4474-83B8-A6E201F11790}.Release|Any CPU.Build.0 = Release|Any CPU
		{08B10724-F370-4B3F-B791-3238CA7D44F1}.Debug|Any CPU.ActiveCfg = Debug|Any CPU
		{08B10724-F370-4B3F-B791-3238CA7D44F1}.Debug|Any CPU.Build.0 = Debug|Any CPU
		{08B10724-F370-4B3F-B791-3238CA7D44F1}.Release|Any CPU.ActiveCfg = Release|Any CPU
		{08B10724-F370-4B3F-B791-3238CA7D44F1}.Release|Any CPU.Build.0 = Release|Any CPU
		{5F3D1CAB-3BEC-4B32-B71F-F4D8DAE7344C}.Debug|Any CPU.ActiveCfg = Debug|Any CPU
		{5F3D1CAB-3BEC-4B32-B71F-F4D8DAE7344C}.Debug|Any CPU.Build.0 = Debug|Any CPU
		{5F3D1CAB-3BEC-4B32-B71F-F4D8DAE7344C}.Release|Any CPU.ActiveCfg = Release|Any CPU
		{5F3D1CAB-3BEC-4B32-B71F-F4D8DAE7344C}.Release|Any CPU.Build.0 = Release|Any CPU
	EndGlobalSection
	GlobalSection(SolutionProperties) = preSolution
		HideSolutionNode = FALSE
	EndGlobalSection
	GlobalSection(ExtensibilityGlobals) = postSolution
		SolutionGuid = {F5B9D610-37FE-4F03-9E5E-AAF17494DB79}
	EndGlobalSection
EndGlobal
